
Microsoft Visual Studio Solution File, Format Version 12.00
# Visual Studio Version 17
VisualStudioVersion = 17.5.33516.290
MinimumVisualStudioVersion = 10.0.40219.1
Project("{FAE04EC0-301F-11D3-BF4B-00C04F79EFBC}") = "MongoDB.Extensions.FilteredIndex", "MongoDB.Extensions.FilteredIndex\MongoDB.Extensions.FilteredIndex.csproj", "{23B1680B-5AA3-4BCB-BC1C-CA6D955BCFD5}"
EndProject
Global
	GlobalSection(SolutionConfigurationPlatforms) = preSolution
		Debug|Any CPU = Debug|Any CPU
		Release|Any CPU = Release|Any CPU
	EndGlobalSection
	GlobalSection(ProjectConfigurationPlatforms) = postSolution
		{23B1680B-5AA3-4BCB-BC1C-CA6D955BCFD5}.Debug|Any CPU.ActiveCfg = Debug|Any CPU
		{23B1680B-5AA3-4BCB-BC1C-CA6D955BCFD5}.Debug|Any CPU.Build.0 = Debug|Any CPU
		{23B1680B-5AA3-4BCB-BC1C-CA6D955BCFD5}.Release|Any CPU.ActiveCfg = Release|Any CPU
		{23B1680B-5AA3-4BCB-BC1C-CA6D955BCFD5}.Release|Any CPU.Build.0 = Release|Any CPU
	EndGlobalSection
	GlobalSection(SolutionProperties) = preSolution
		HideSolutionNode = FALSE
	EndGlobalSection
	GlobalSection(ExtensibilityGlobals) = postSolution
		SolutionGuid = {03FBC1AE-9FCC-4F32-B417-DBD3E485B3BE}
	EndGlobalSection
EndGlobal
